
Microsoft Visual Studio Solution File, Format Version 12.00
# Visual Studio Version 17
VisualStudioVersion = 17.7.34031.279
MinimumVisualStudioVersion = 10.0.40219.1
Project("{9A19103F-16F7-4668-BE54-9A1E7A4F7556}") = "AWSLambda1", "AWSLambda1.csproj", "{90CE3F2A-47BA-438F-B245-130389085106}"
EndProject
Global
	GlobalSection(SolutionConfigurationPlatforms) = preSolution
		Debug|Any CPU = Debug|Any CPU
		Release|Any CPU = Release|Any CPU
	EndGlobalSection
	GlobalSection(ProjectConfigurationPlatforms) = postSolution
		{90CE3F2A-47BA-438F-B245-130389085106}.Debug|Any CPU.ActiveCfg = Debug|Any CPU
		{90CE3F2A-47BA-438F-B245-130389085106}.Debug|Any CPU.Build.0 = Debug|Any CPU
		{90CE3F2A-47BA-438F-B245-130389085106}.Release|Any CPU.ActiveCfg = Release|Any CPU
		{90CE3F2A-47BA-438F-B245-130389085106}.Release|Any CPU.Build.0 = Release|Any CPU
	EndGlobalSection
	GlobalSection(SolutionProperties) = preSolution
		HideSolutionNode = FALSE
	EndGlobalSection
	GlobalSection(ExtensibilityGlobals) = postSolution
		SolutionGuid = {A3F74A25-4302-4BD3-A9C9-53BB2DB24A45}
	EndGlobalSection
EndGlobal
